
Microsoft Visual Studio Solution File, Format Version 12.00
# Visual Studio Version 17
VisualStudioVersion = 17.9.34714.143
MinimumVisualStudioVersion = 10.0.40219.1
Project("{FAE04EC0-301F-11D3-BF4B-00C04F79EFBC}") = "Task1", "Task1\Task1.csproj", "{BBA72762-D6FC-42C3-8393-14F825EB99AD}"
EndProject
Project("{FAE04EC0-301F-11D3-BF4B-00C04F79EFBC}") = "Core", "Core\Core.csproj", "{AFC38B1F-55EC-45CF-B490-7EEBEDB978BB}"
EndProject
Global
	GlobalSection(SolutionConfigurationPlatforms) = preSolution
		Debug|Any CPU = Debug|Any CPU
		Release|Any CPU = Release|Any CPU
	EndGlobalSection
	GlobalSection(ProjectConfigurationPlatforms) = postSolution
		{BBA72762-D6FC-42C3-8393-14F825EB99AD}.Debug|Any CPU.ActiveCfg = Debug|Any CPU
		{BBA72762-D6FC-42C3-8393-14F825EB99AD}.Debug|Any CPU.Build.0 = Debug|Any CPU
		{BBA72762-D6FC-42C3-8393-14F825EB99AD}.Release|Any CPU.ActiveCfg = Release|Any CPU
		{BBA72762-D6FC-42C3-8393-14F825EB99AD}.Release|Any CPU.Build.0 = Release|Any CPU
		{AFC38B1F-55EC-45CF-B490-7EEBEDB978BB}.Debug|Any CPU.ActiveCfg = Debug|Any CPU
		{AFC38B1F-55EC-45CF-B490-7EEBEDB978BB}.Debug|Any CPU.Build.0 = Debug|Any CPU
		{AFC38B1F-55EC-45CF-B490-7EEBEDB978BB}.Release|Any CPU.ActiveCfg = Release|Any CPU
		{AFC38B1F-55EC-45CF-B490-7EEBEDB978BB}.Release|Any CPU.Build.0 = Release|Any CPU
	EndGlobalSection
	GlobalSection(SolutionProperties) = preSolution
		HideSolutionNode = FALSE
	EndGlobalSection
	GlobalSection(ExtensibilityGlobals) = postSolution
		SolutionGuid = {56C09F00-419C-44CF-83A8-D2A19036D05F}
	EndGlobalSection
EndGlobal
